
Microsoft Visual Studio Solution File, Format Version 12.00
# Visual Studio Version 16
VisualStudioVersion = 16.0.30204.135
MinimumVisualStudioVersion = 10.0.40219.1
Project("{FAE04EC0-301F-11D3-BF4B-00C04F79EFBC}") = "HelloWorldXamarinAndroid", "HelloWorldXamarinAndroid\HelloWorldXamarinAndroid.csproj", "{FC1F6775-50DB-482F-AD1E-82C6EDE2C28D}"
EndProject
Project("{9A19103F-16F7-4668-BE54-9A1E7A4F7556}") = "SharedLibrary", "SharedLibrary\SharedLibrary.csproj", "{1A748A8F-A398-483C-8404-F029F1271A62}"
EndProject
Project("{FAE04EC0-301F-11D3-BF4B-00C04F79EFBC}") = "SharedLibrary.Tests", "SharedLibrary.Tests\SharedLibrary.Tests.csproj", "{C58FCA50-2D97-4DC7-AD37-AFDC69EE8630}"
EndProject
Global
	GlobalSection(SolutionConfigurationPlatforms) = preSolution
		Debug|Any CPU = Debug|Any CPU
		Release|Any CPU = Release|Any CPU
	EndGlobalSection
	GlobalSection(ProjectConfigurationPlatforms) = postSolution
		{FC1F6775-50DB-482F-AD1E-82C6EDE2C28D}.Debug|Any CPU.ActiveCfg = Debug|Any CPU
		{FC1F6775-50DB-482F-AD1E-82C6EDE2C28D}.Debug|Any CPU.Build.0 = Debug|Any CPU
		{FC1F6775-50DB-482F-AD1E-82C6EDE2C28D}.Debug|Any CPU.Deploy.0 = Debug|Any CPU
		{FC1F6775-50DB-482F-AD1E-82C6EDE2C28D}.Release|Any CPU.ActiveCfg = Release|Any CPU
		{FC1F6775-50DB-482F-AD1E-82C6EDE2C28D}.Release|Any CPU.Build.0 = Release|Any CPU
		{FC1F6775-50DB-482F-AD1E-82C6EDE2C28D}.Release|Any CPU.Deploy.0 = Release|Any CPU
		{1A748A8F-A398-483C-8404-F029F1271A62}.Debug|Any CPU.ActiveCfg = Debug|Any CPU
		{1A748A8F-A398-483C-8404-F029F1271A62}.Debug|Any CPU.Build.0 = Debug|Any CPU
		{1A748A8F-A398-483C-8404-F029F1271A62}.Release|Any CPU.ActiveCfg = Release|Any CPU
		{1A748A8F-A398-483C-8404-F029F1271A62}.Release|Any CPU.Build.0 = Release|Any CPU
		{C58FCA50-2D97-4DC7-AD37-AFDC69EE8630}.Debug|Any CPU.ActiveCfg = Debug|Any CPU
		{C58FCA50-2D97-4DC7-AD37-AFDC69EE8630}.Debug|Any CPU.Build.0 = Debug|Any CPU
		{C58FCA50-2D97-4DC7-AD37-AFDC69EE8630}.Release|Any CPU.ActiveCfg = Release|Any CPU
		{C58FCA50-2D97-4DC7-AD37-AFDC69EE8630}.Release|Any CPU.Build.0 = Release|Any CPU
	EndGlobalSection
	GlobalSection(SolutionProperties) = preSolution
		HideSolutionNode = FALSE
	EndGlobalSection
	GlobalSection(ExtensibilityGlobals) = postSolution
		SolutionGuid = {604ED89C-F577-4114-ABBE-C15F5464B4EC}
	EndGlobalSection
EndGlobal
